
Microsoft Visual Studio Solution File, Format Version 12.00
# Visual Studio Version 17
VisualStudioVersion = 17.3.32825.248
MinimumVisualStudioVersion = 10.0.40219.1
Project("{8BC9CEB8-8B4A-11D0-8D11-00A0C91BC942}") = "Lab_04_05", "Lab_04_05.vcxproj", "{FA56899A-8E14-41F4-A4B3-D42EB6AE16D8}"
EndProject
Global
	GlobalSection(SolutionConfigurationPlatforms) = preSolution
		Debug|x64 = Debug|x64
		Debug|x86 = Debug|x86
		Release|x64 = Release|x64
		Release|x86 = Release|x86
	EndGlobalSection
	GlobalSection(ProjectConfigurationPlatforms) = postSolution
		{FA56899A-8E14-41F4-A4B3-D42EB6AE16D8}.Debug|x64.ActiveCfg = Debug|x64
		{FA56899A-8E14-41F4-A4B3-D42EB6AE16D8}.Debug|x64.Build.0 = Debug|x64
		{FA56899A-8E14-41F4-A4B3-D42EB6AE16D8}.Debug|x86.ActiveCfg = Debug|Win32
		{FA56899A-8E14-41F4-A4B3-D42EB6AE16D8}.Debug|x86.Build.0 = Debug|Win32
		{FA56899A-8E14-41F4-A4B3-D42EB6AE16D8}.Release|x64.ActiveCfg = Release|x64
		{FA56899A-8E14-41F4-A4B3-D42EB6AE16D8}.Release|x64.Build.0 = Release|x64
		{FA56899A-8E14-41F4-A4B3-D42EB6AE16D8}.Release|x86.ActiveCfg = Release|Win32
		{FA56899A-8E14-41F4-A4B3-D42EB6AE16D8}.Release|x86.Build.0 = Release|Win32
	EndGlobalSection
	GlobalSection(SolutionProperties) = preSolution
		HideSolutionNode = FALSE
	EndGlobalSection
	GlobalSection(ExtensibilityGlobals) = postSolution
		SolutionGuid = {FD9DBFBE-44FC-4501-B574-A4275B46B661}
	EndGlobalSection
EndGlobal
